// !$*UTF8*$!
{
	archiveVersion = 1;
	classes = {
	};
	objectVersion = 77;
	objects = {

/* Begin PBXBuildFile section */
		58B7154D2E709E9700053ECD /* Collections in Frameworks */ = {isa = PBXBuildFile; productRef = 58B7154C2E709E9700053ECD /* Collections */; };
		58B715502E709EC400053ECD /* LoadableValues in Frameworks */ = {isa = PBXBuildFile; productRef = 58B7154F2E709EC400053ECD /* LoadableValues */; };
		58B715522E709EC400053ECD /* SSM in Frameworks */ = {isa = PBXBuildFile; productRef = 58B715512E709EC400053ECD /* SSM */; };
/* End PBXBuildFile section */

/* Begin PBXContainerItemProxy section */
		58B7152F2E709E7300053ECD /* PBXContainerItemProxy */ = {
			isa = PBXContainerItemProxy;
			containerPortal = 58B715182E709E7200053ECD /* Project object */;
			proxyType = 1;
			remoteGlobalIDString = 58B7151F2E709E7200053ECD;
			remoteInfo = "Sim Station";
		};
		58B715392E709E7300053ECD /* PBXContainerItemProxy */ = {
			isa = PBXContainerItemProxy;
			containerPortal = 58B715182E709E7200053ECD /* Project object */;
			proxyType = 1;
			remoteGlobalIDString = 58B7151F2E709E7200053ECD;
			remoteInfo = "Sim Station";
		};
/* End PBXContainerItemProxy section */

/* Begin PBXFileReference section */
		58B715202E709E7200053ECD /* Sim Station.app */ = {isa = PBXFileReference; explicitFileType = wrapper.application; includeInIndex = 0; path = "Sim Station.app"; sourceTree = BUILT_PRODUCTS_DIR; };
		58B7152E2E709E7300053ECD /* Sim StationTests.xctest */ = {isa = PBXFileReference; explicitFileType = wrapper.cfbundle; includeInIndex = 0; path = "Sim StationTests.xctest"; sourceTree = BUILT_PRODUCTS_DIR; };
		58B715382E709E7300053ECD /* Sim StationUITests.xctest */ = {isa = PBXFileReference; explicitFileType = wrapper.cfbundle; includeInIndex = 0; path = "Sim StationUITests.xctest"; sourceTree = BUILT_PRODUCTS_DIR; };
/* End PBXFileReference section */

/* Begin PBXFileSystemSynchronizedRootGroup section */
		58B715222E709E7200053ECD /* Sim Station */ = {
			isa = PBXFileSystemSynchronizedRootGroup;
			path = "Sim Station";
			sourceTree = "<group>";
		};
		58B715312E709E7300053ECD /* Sim StationTests */ = {
			isa = PBXFileSystemSynchronizedRootGroup;
			path = "Sim StationTests";
			sourceTree = "<group>";
		};
		58B7153B2E709E7300053ECD /* Sim StationUITests */ = {
			isa = PBXFileSystemSynchronizedRootGroup;
			path = "Sim StationUITests";
			sourceTree = "<group>";
		};
/* End PBXFileSystemSynchronizedRootGroup section */

/* Begin PBXFrameworksBuildPhase section */
		58B7151D2E709E7200053ECD /* Frameworks */ = {
			isa = PBXFrameworksBuildPhase;
			buildActionMask = 2147483647;
			files = (
				58B715522E709EC400053ECD /* SSM in Frameworks */,
				58B715502E709EC400053ECD /* LoadableValues in Frameworks */,
				58B7154D2E709E9700053ECD /* Collections in Frameworks */,
			);
			runOnlyForDeploymentPostprocessing = 0;
		};
		58B7152B2E709E7300053ECD /* Frameworks */ = {
			isa = PBXFrameworksBuildPhase;
			buildActionMask = 2147483647;
			files = (
			);
			runOnlyForDeploymentPostprocessing = 0;
		};
		58B715352E709E7300053ECD /* Frameworks */ = {
			isa = PBXFrameworksBuildPhase;
			buildActionMask = 2147483647;
			files = (
			);
			runOnlyForDeploymentPostprocessing = 0;
		};
/* End PBXFrameworksBuildPhase section */

/* Begin PBXGroup section */
		58B715172E709E7200053ECD = {
			isa = PBXGroup;
			children = (
				58B715222E709E7200053ECD /* Sim Station */,
				58B715312E709E7300053ECD /* Sim StationTests */,
				58B7153B2E709E7300053ECD /* Sim StationUITests */,
				58B715212E709E7200053ECD /* Products */,
			);
			sourceTree = "<group>";
		};
		58B715212E709E7200053ECD /* Products */ = {
			isa = PBXGroup;
			children = (
				58B715202E709E7200053ECD /* Sim Station.app */,
				58B7152E2E709E7300053ECD /* Sim StationTests.xctest */,
				58B715382E709E7300053ECD /* Sim StationUITests.xctest */,
			);
			name = Products;
			sourceTree = "<group>";
		};
/* End PBXGroup section */

/* Begin PBXNativeTarget section */
		58B7151F2E709E7200053ECD /* Sim Station */ = {
			isa = PBXNativeTarget;
			buildConfigurationList = 58B715422E709E7300053ECD /* Build configuration list for PBXNativeTarget "Sim Station" */;
			buildPhases = (
				58B7151C2E709E7200053ECD /* Sources */,
				58B7151D2E709E7200053ECD /* Frameworks */,
				58B7151E2E709E7200053ECD /* Resources */,
			);
			buildRules = (
			);
			dependencies = (
			);
			fileSystemSynchronizedGroups = (
				58B715222E709E7200053ECD /* Sim Station */,
			);
			name = "Sim Station";
			packageProductDependencies = (
				58B7154C2E709E9700053ECD /* Collections */,
				58B7154F2E709EC400053ECD /* LoadableValues */,
				58B715512E709EC400053ECD /* SSM */,
			);
			productName = "Sim Station";
			productReference = 58B715202E709E7200053ECD /* Sim Station.app */;
			productType = "com.apple.product-type.application";
		};
		58B7152D2E709E7300053ECD /* Sim StationTests */ = {
			isa = PBXNativeTarget;
			buildConfigurationList = 58B715452E709E7300053ECD /* Build configuration list for PBXNativeTarget "Sim StationTests" */;
			buildPhases = (
				58B7152A2E709E7300053ECD /* Sources */,
				58B7152B2E709E7300053ECD /* Frameworks */,
				58B7152C2E709E7300053ECD /* Resources */,
			);
			buildRules = (
			);
			dependencies = (
				58B715302E709E7300053ECD /* PBXTargetDependency */,
			);
			fileSystemSynchronizedGroups = (
				58B715312E709E7300053ECD /* Sim StationTests */,
			);
			name = "Sim StationTests";
			packageProductDependencies = (
			);
			productName = "Sim StationTests";
			productReference = 58B7152E2E709E7300053ECD /* Sim StationTests.xctest */;
			productType = "com.apple.product-type.bundle.unit-test";
		};
		58B715372E709E7300053ECD /* Sim StationUITests */ = {
			isa = PBXNativeTarget;
			buildConfigurationList = 58B715482E709E7300053ECD /* Build configuration list for PBXNativeTarget "Sim StationUITests" */;
			buildPhases = (
				58B715342E709E7300053ECD /* Sources */,
				58B715352E709E7300053ECD /* Frameworks */,
				58B715362E709E7300053ECD /* Resources */,
			);
			buildRules = (
			);
			dependencies = (
				58B7153A2E709E7300053ECD /* PBXTargetDependency */,
			);
			fileSystemSynchronizedGroups = (
				58B7153B2E709E7300053ECD /* Sim StationUITests */,
			);
			name = "Sim StationUITests";
			packageProductDependencies = (
			);
			productName = "Sim StationUITests";
			productReference = 58B715382E709E7300053ECD /* Sim StationUITests.xctest */;
			productType = "com.apple.product-type.bundle.ui-testing";
		};
/* End PBXNativeTarget section */

/* Begin PBXProject section */
		58B715182E709E7200053ECD /* Project object */ = {
			isa = PBXProject;
			attributes = {
				BuildIndependentTargetsInParallel = 1;
				LastSwiftUpdateCheck = 1640;
				LastUpgradeCheck = 1640;
				TargetAttributes = {
					58B7151F2E709E7200053ECD = {
						CreatedOnToolsVersion = 16.4;
					};
					58B7152D2E709E7300053ECD = {
						CreatedOnToolsVersion = 16.4;
						TestTargetID = 58B7151F2E709E7200053ECD;
					};
					58B715372E709E7300053ECD = {
						CreatedOnToolsVersion = 16.4;
						TestTargetID = 58B7151F2E709E7200053ECD;
					};
				};
			};
			buildConfigurationList = 58B7151B2E709E7200053ECD /* Build configuration list for PBXProject "Sim Station" */;
			developmentRegion = en;
			hasScannedForEncodings = 0;
			knownRegions = (
				en,
				Base,
			);
			mainGroup = 58B715172E709E7200053ECD;
			minimizedProjectReferenceProxies = 1;
			packageReferences = (
				58B7154B2E709E9700053ECD /* XCRemoteSwiftPackageReference "swift-collections" */,
				58B7154E2E709EC400053ECD /* XCRemoteSwiftPackageReference "SSM" */,
			);
			preferredProjectObjectVersion = 77;
			productRefGroup = 58B715212E709E7200053ECD /* Products */;
			projectDirPath = "";
			projectRoot = "";
			targets = (
				58B7151F2E709E7200053ECD /* Sim Station */,
				58B7152D2E709E7300053ECD /* Sim StationTests */,
				58B715372E709E7300053ECD /* Sim StationUITests */,
			);
		};
/* End PBXProject section */

/* Begin PBXResourcesBuildPhase section */
		58B7151E2E709E7200053ECD /* Resources */ = {
			isa = PBXResourcesBuildPhase;
			buildActionMask = 2147483647;
			files = (
			);
			runOnlyForDeploymentPostprocessing = 0;
		};
		58B7152C2E709E7300053ECD /* Resources */ = {
			isa = PBXResourcesBuildPhase;
			buildActionMask = 2147483647;
			files = (
			);
			runOnlyForDeploymentPostprocessing = 0;
		};
		58B715362E709E7300053ECD /* Resources */ = {
			isa = PBXResourcesBuildPhase;
			buildActionMask = 2147483647;
			files = (
			);
			runOnlyForDeploymentPostprocessing = 0;
		};
/* End PBXResourcesBuildPhase section */

/* Begin PBXSourcesBuildPhase section */
		58B7151C2E709E7200053ECD /* Sources */ = {
			isa = PBXSourcesBuildPhase;
			buildActionMask = 2147483647;
			files = (
			);
			runOnlyForDeploymentPostprocessing = 0;
		};
		58B7152A2E709E7300053ECD /* Sources */ = {
			isa = PBXSourcesBuildPhase;
			buildActionMask = 2147483647;
			files = (
			);
			runOnlyForDeploymentPostprocessing = 0;
		};
		58B715342E709E7300053ECD /* Sources */ = {
			isa = PBXSourcesBuildPhase;
			buildActionMask = 2147483647;
			files = (
			);
			runOnlyForDeploymentPostprocessing = 0;
		};
/* End PBXSourcesBuildPhase section */

/* Begin PBXTargetDependency section */
		58B715302E709E7300053ECD /* PBXTargetDependency */ = {
			isa = PBXTargetDependency;
			target = 58B7151F2E709E7200053ECD /* Sim Station */;
			targetProxy = 58B7152F2E709E7300053ECD /* PBXContainerItemProxy */;
		};
		58B7153A2E709E7300053ECD /* PBXTargetDependency */ = {
			isa = PBXTargetDependency;
			target = 58B7151F2E709E7200053ECD /* Sim Station */;
			targetProxy = 58B715392E709E7300053ECD /* PBXContainerItemProxy */;
		};
/* End PBXTargetDependency section */

/* Begin XCBuildConfiguration section */
		58B715402E709E7300053ECD /* Debug */ = {
			isa = XCBuildConfiguration;
			buildSettings = {
				ALWAYS_SEARCH_USER_PATHS = NO;
				ASSETCATALOG_COMPILER_GENERATE_SWIFT_ASSET_SYMBOL_EXTENSIONS = YES;
				CLANG_ANALYZER_NONNULL = YES;
				CLANG_ANALYZER_NUMBER_OBJECT_CONVERSION = YES_AGGRESSIVE;
				CLANG_CXX_LANGUAGE_STANDARD = "gnu++20";
				CLANG_ENABLE_MODULES = YES;
				CLANG_ENABLE_OBJC_ARC = YES;
				CLANG_ENABLE_OBJC_WEAK = YES;
				CLANG_WARN_BLOCK_CAPTURE_AUTORELEASING = YES;
				CLANG_WARN_BOOL_CONVERSION = YES;
				CLANG_WARN_COMMA = YES;
				CLANG_WARN_CONSTANT_CONVERSION = YES;
				CLANG_WARN_DEPRECATED_OBJC_IMPLEMENTATIONS = YES;
				CLANG_WARN_DIRECT_OBJC_ISA_USAGE = YES_ERROR;
				CLANG_WARN_DOCUMENTATION_COMMENTS = YES;
				CLANG_WARN_EMPTY_BODY = YES;
				CLANG_WARN_ENUM_CONVERSION = YES;
				CLANG_WARN_INFINITE_RECURSION = YES;
				CLANG_WARN_INT_CONVERSION = YES;
				CLANG_WARN_NON_LITERAL_NULL_CONVERSION = YES;
				CLANG_WARN_OBJC_IMPLICIT_RETAIN_SELF = YES;
				CLANG_WARN_OBJC_LITERAL_CONVERSION = YES;
				CLANG_WARN_OBJC_ROOT_CLASS = YES_ERROR;
				CLANG_WARN_QUOTED_INCLUDE_IN_FRAMEWORK_HEADER = YES;
				CLANG_WARN_RANGE_LOOP_ANALYSIS = YES;
				CLANG_WARN_STRICT_PROTOTYPES = YES;
				CLANG_WARN_SUSPICIOUS_MOVE = YES;
				CLANG_WARN_UNGUARDED_AVAILABILITY = YES_AGGRESSIVE;
				CLANG_WARN_UNREACHABLE_CODE = YES;
				CLANG_WARN__DUPLICATE_METHOD_MATCH = YES;
				COPY_PHASE_STRIP = NO;
				DEBUG_INFORMATION_FORMAT = dwarf;
				DEVELOPMENT_TEAM = 2N277QXTNA;
				ENABLE_STRICT_OBJC_MSGSEND = YES;
				ENABLE_TESTABILITY = YES;
				ENABLE_USER_SCRIPT_SANDBOXING = YES;
				GCC_C_LANGUAGE_STANDARD = gnu17;
				GCC_DYNAMIC_NO_PIC = NO;
				GCC_NO_COMMON_BLOCKS = YES;
				GCC_OPTIMIZATION_LEVEL = 0;
				GCC_PREPROCESSOR_DEFINITIONS = (
					"DEBUG=1",
					"$(inherited)",
				);
				GCC_WARN_64_TO_32_BIT_CONVERSION = YES;
				GCC_WARN_ABOUT_RETURN_TYPE = YES_ERROR;
				GCC_WARN_UNDECLARED_SELECTOR = YES;
				GCC_WARN_UNINITIALIZED_AUTOS = YES_AGGRESSIVE;
				GCC_WARN_UNUSED_FUNCTION = YES;
				GCC_WARN_UNUSED_VARIABLE = YES;
				LOCALIZATION_PREFERS_STRING_CATALOGS = YES;
				MACOSX_DEPLOYMENT_TARGET = 15.5;
				MTL_ENABLE_DEBUG_INFO = INCLUDE_SOURCE;
				MTL_FAST_MATH = YES;
				ONLY_ACTIVE_ARCH = YES;
				SDKROOT = macosx;
				SWIFT_ACTIVE_COMPILATION_CONDITIONS = "DEBUG $(inherited)";
				SWIFT_OPTIMIZATION_LEVEL = "-Onone";
			};
			name = Debug;
		};
		58B715412E709E7300053ECD /* Release */ = {
			isa = XCBuildConfiguration;
			buildSettings = {
				ALWAYS_SEARCH_USER_PATHS = NO;
				ASSETCATALOG_COMPILER_GENERATE_SWIFT_ASSET_SYMBOL_EXTENSIONS = YES;
				CLANG_ANALYZER_NONNULL = YES;
				CLANG_ANALYZER_NUMBER_OBJECT_CONVERSION = YES_AGGRESSIVE;
				CLANG_CXX_LANGUAGE_STANDARD = "gnu++20";
				CLANG_ENABLE_MODULES = YES;
				CLANG_ENABLE_OBJC_ARC = YES;
				CLANG_ENABLE_OBJC_WEAK = YES;
				CLANG_WARN_BLOCK_CAPTURE_AUTORELEASING = YES;
				CLANG_WARN_BOOL_CONVERSION = YES;
				CLANG_WARN_COMMA = YES;
				CLANG_WARN_CONSTANT_CONVERSION = YES;
				CLANG_WARN_DEPRECATED_OBJC_IMPLEMENTATIONS = YES;
				CLANG_WARN_DIRECT_OBJC_ISA_USAGE = YES_ERROR;
				CLANG_WARN_DOCUMENTATION_COMMENTS = YES;
				CLANG_WARN_EMPTY_BODY = YES;
				CLANG_WARN_ENUM_CONVERSION = YES;
				CLANG_WARN_INFINITE_RECURSION = YES;
				CLANG_WARN_INT_CONVERSION = YES;
				CLANG_WARN_NON_LITERAL_NULL_CONVERSION = YES;
				CLANG_WARN_OBJC_IMPLICIT_RETAIN_SELF = YES;
				CLANG_WARN_OBJC_LITERAL_CONVERSION = YES;
				CLANG_WARN_OBJC_ROOT_CLASS = YES_ERROR;
				CLANG_WARN_QUOTED_INCLUDE_IN_FRAMEWORK_HEADER = YES;
				CLANG_WARN_RANGE_LOOP_ANALYSIS = YES;
				CLANG_WARN_STRICT_PROTOTYPES = YES;
				CLANG_WARN_SUSPICIOUS_MOVE = YES;
				CLANG_WARN_UNGUARDED_AVAILABILITY = YES_AGGRESSIVE;
				CLANG_WARN_UNREACHABLE_CODE = YES;
				CLANG_WARN__DUPLICATE_METHOD_MATCH = YES;
				COPY_PHASE_STRIP = NO;
				DEBUG_INFORMATION_FORMAT = "dwarf-with-dsym";
				DEVELOPMENT_TEAM = 2N277QXTNA;
				ENABLE_NS_ASSERTIONS = NO;
				ENABLE_STRICT_OBJC_MSGSEND = YES;
				ENABLE_USER_SCRIPT_SANDBOXING = YES;
				GCC_C_LANGUAGE_STANDARD = gnu17;
				GCC_NO_COMMON_BLOCKS = YES;
				GCC_WARN_64_TO_32_BIT_CONVERSION = YES;
				GCC_WARN_ABOUT_RETURN_TYPE = YES_ERROR;
				GCC_WARN_UNDECLARED_SELECTOR = YES;
				GCC_WARN_UNINITIALIZED_AUTOS = YES_AGGRESSIVE;
				GCC_WARN_UNUSED_FUNCTION = YES;
				GCC_WARN_UNUSED_VARIABLE = YES;
				LOCALIZATION_PREFERS_STRING_CATALOGS = YES;
				MACOSX_DEPLOYMENT_TARGET = 15.5;
				MTL_ENABLE_DEBUG_INFO = NO;
				MTL_FAST_MATH = YES;
				SDKROOT = macosx;
				SWIFT_COMPILATION_MODE = wholemodule;
			};
			name = Release;
		};
		58B715432E709E7300053ECD /* Debug */ = {
			isa = XCBuildConfiguration;
			buildSettings = {
				ASSETCATALOG_COMPILER_APPICON_NAME = AppIcon;
				ASSETCATALOG_COMPILER_GLOBAL_ACCENT_COLOR_NAME = AccentColor;
				CODE_SIGN_ENTITLEMENTS = "Sim Station/Sim_Station.entitlements";
				CODE_SIGN_STYLE = Automatic;
				COMBINE_HIDPI_IMAGES = YES;
				CURRENT_PROJECT_VERSION = 1;
				DEVELOPMENT_TEAM = 2N277QXTNA;
				ENABLE_HARDENED_RUNTIME = YES;
				ENABLE_PREVIEWS = YES;
				GENERATE_INFOPLIST_FILE = YES;
				INFOPLIST_KEY_NSHumanReadableCopyright = "";
				LD_RUNPATH_SEARCH_PATHS = (
					"$(inherited)",
					"@executable_path/../Frameworks",
				);
				MARKETING_VERSION = 1.0;
				PRODUCT_BUNDLE_IDENTIFIER = "Demirci.Sim-Station";
				PRODUCT_NAME = "$(TARGET_NAME)";
				REGISTER_APP_GROUPS = YES;
				SWIFT_EMIT_LOC_STRINGS = YES;
				SWIFT_VERSION = 5.0;
			};
			name = Debug;
		};
		58B715442E709E7300053ECD /* Release */ = {
			isa = XCBuildConfiguration;
			buildSettings = {
				ASSETCATALOG_COMPILER_APPICON_NAME = AppIcon;
				ASSETCATALOG_COMPILER_GLOBAL_ACCENT_COLOR_NAME = AccentColor;
				CODE_SIGN_ENTITLEMENTS = "Sim Station/Sim_Station.entitlements";
				CODE_SIGN_STYLE = Automatic;
				COMBINE_HIDPI_IMAGES = YES;
				CURRENT_PROJECT_VERSION = 1;
				DEVELOPMENT_TEAM = 2N277QXTNA;
				ENABLE_HARDENED_RUNTIME = YES;
				ENABLE_PREVIEWS = YES;
				GENERATE_INFOPLIST_FILE = YES;
				INFOPLIST_KEY_NSHumanReadableCopyright = "";
				LD_RUNPATH_SEARCH_PATHS = (
					"$(inherited)",
					"@executable_path/../Frameworks",
				);
				MARKETING_VERSION = 1.0;
				PRODUCT_BUNDLE_IDENTIFIER = "Demirci.Sim-Station";
				PRODUCT_NAME = "$(TARGET_NAME)";
				REGISTER_APP_GROUPS = YES;
				SWIFT_EMIT_LOC_STRINGS = YES;
				SWIFT_VERSION = 5.0;
			};
			name = Release;
		};
		58B715462E709E7300053ECD /* Debug */ = {
			isa = XCBuildConfiguration;
			buildSettings = {
				BUNDLE_LOADER = "$(TEST_HOST)";
				CODE_SIGN_STYLE = Automatic;
				CURRENT_PROJECT_VERSION = 1;
				DEVELOPMENT_TEAM = 2N277QXTNA;
				GENERATE_INFOPLIST_FILE = YES;
				MACOSX_DEPLOYMENT_TARGET = 15.5;
				MARKETING_VERSION = 1.0;
				PRODUCT_BUNDLE_IDENTIFIER = "Demirci.Sim-StationTests";
				PRODUCT_NAME = "$(TARGET_NAME)";
				SWIFT_EMIT_LOC_STRINGS = NO;
				SWIFT_VERSION = 5.0;
				TEST_HOST = "$(BUILT_PRODUCTS_DIR)/Sim Station.app/$(BUNDLE_EXECUTABLE_FOLDER_PATH)/Sim Station";
			};
			name = Debug;
		};
		58B715472E709E7300053ECD /* Release */ = {
			isa = XCBuildConfiguration;
			buildSettings = {
				BUNDLE_LOADER = "$(TEST_HOST)";
				CODE_SIGN_STYLE = Automatic;
				CURRENT_PROJECT_VERSION = 1;
				DEVELOPMENT_TEAM = 2N277QXTNA;
				GENERATE_INFOPLIST_FILE = YES;
				MACOSX_DEPLOYMENT_TARGET = 15.5;
				MARKETING_VERSION = 1.0;
				PRODUCT_BUNDLE_IDENTIFIER = "Demirci.Sim-StationTests";
				PRODUCT_NAME = "$(TARGET_NAME)";
				SWIFT_EMIT_LOC_STRINGS = NO;
				SWIFT_VERSION = 5.0;
				TEST_HOST = "$(BUILT_PRODUCTS_DIR)/Sim Station.app/$(BUNDLE_EXECUTABLE_FOLDER_PATH)/Sim Station";
			};
			name = Release;
		};
		58B715492E709E7300053ECD /* Debug */ = {
			isa = XCBuildConfiguration;
			buildSettings = {
				CODE_SIGN_STYLE = Automatic;
				CURRENT_PROJECT_VERSION = 1;
				DEVELOPMENT_TEAM = 2N277QXTNA;
				GENERATE_INFOPLIST_FILE = YES;
				MARKETING_VERSION = 1.0;
				PRODUCT_BUNDLE_IDENTIFIER = "Demirci.Sim-StationUITests";
				PRODUCT_NAME = "$(TARGET_NAME)";
				SWIFT_EMIT_LOC_STRINGS = NO;
				SWIFT_VERSION = 5.0;
				TEST_TARGET_NAME = "Sim Station";
			};
			name = Debug;
		};
		58B7154A2E709E7300053ECD /* Release */ = {
			isa = XCBuildConfiguration;
			buildSettings = {
				CODE_SIGN_STYLE = Automatic;
				CURRENT_PROJECT_VERSION = 1;
				DEVELOPMENT_TEAM = 2N277QXTNA;
				GENERATE_INFOPLIST_FILE = YES;
				MARKETING_VERSION = 1.0;
				PRODUCT_BUNDLE_IDENTIFIER = "Demirci.Sim-StationUITests";
				PRODUCT_NAME = "$(TARGET_NAME)";
				SWIFT_EMIT_LOC_STRINGS = NO;
				SWIFT_VERSION = 5.0;
				TEST_TARGET_NAME = "Sim Station";
			};
			name = Release;
		};
/* End XCBuildConfiguration section */

/* Begin XCConfigurationList section */
		58B7151B2E709E7200053ECD /* Build configuration list for PBXProject "Sim Station" */ = {
			isa = XCConfigurationList;
			buildConfigurations = (
				58B715402E709E7300053ECD /* Debug */,
				58B715412E709E7300053ECD /* Release */,
			);
			defaultConfigurationIsVisible = 0;
			defaultConfigurationName = Release;
		};
		58B715422E709E7300053ECD /* Build configuration list for PBXNativeTarget "Sim Station" */ = {
			isa = XCConfigurationList;
			buildConfigurations = (
				58B715432E709E7300053ECD /* Debug */,
				58B715442E709E7300053ECD /* Release */,
			);
			defaultConfigurationIsVisible = 0;
			defaultConfigurationName = Release;
		};
		58B715452E709E7300053ECD /* Build configuration list for PBXNativeTarget "Sim StationTests" */ = {
			isa = XCConfigurationList;
			buildConfigurations = (
				58B715462E709E7300053ECD /* Debug */,
				58B715472E709E7300053ECD /* Release */,
			);
			defaultConfigurationIsVisible = 0;
			defaultConfigurationName = Release;
		};
		58B715482E709E7300053ECD /* Build configuration list for PBXNativeTarget "Sim StationUITests" */ = {
			isa = XCConfigurationList;
			buildConfigurations = (
				58B715492E709E7300053ECD /* Debug */,
				58B7154A2E709E7300053ECD /* Release */,
			);
			defaultConfigurationIsVisible = 0;
			defaultConfigurationName = Release;
		};
/* End XCConfigurationList section */

/* Begin XCRemoteSwiftPackageReference section */
		58B7154B2E709E9700053ECD /* XCRemoteSwiftPackageReference "swift-collections" */ = {
			isa = XCRemoteSwiftPackageReference;
			repositoryURL = "https://github.com/apple/swift-collections.git";
			requirement = {
				kind = upToNextMajorVersion;
				minimumVersion = 1.2.1;
			};
		};
		58B7154E2E709EC400053ECD /* XCRemoteSwiftPackageReference "SSM" */ = {
			isa = XCRemoteSwiftPackageReference;
			repositoryURL = "git@github.com:JohnDemirci/SSM.git";
			requirement = {
				branch = master;
				kind = branch;
			};
		};
/* End XCRemoteSwiftPackageReference section */

/* Begin XCSwiftPackageProductDependency section */
		58B7154C2E709E9700053ECD /* Collections */ = {
			isa = XCSwiftPackageProductDependency;
			package = 58B7154B2E709E9700053ECD /* XCRemoteSwiftPackageReference "swift-collections" */;
			productName = Collections;
		};
		58B7154F2E709EC400053ECD /* LoadableValues */ = {
			isa = XCSwiftPackageProductDependency;
			package = 58B7154E2E709EC400053ECD /* XCRemoteSwiftPackageReference "SSM" */;
			productName = LoadableValues;
		};
		58B715512E709EC400053ECD /* SSM */ = {
			isa = XCSwiftPackageProductDependency;
			package = 58B7154E2E709EC400053ECD /* XCRemoteSwiftPackageReference "SSM" */;
			productName = SSM;
		};
/* End XCSwiftPackageProductDependency section */
	};
	rootObject = 58B715182E709E7200053ECD /* Project object */;
}
